
Microsoft Visual Studio Solution File, Format Version 12.00
# Visual Studio 15
VisualStudioVersion = 15.0.27130.2026
MinimumVisualStudioVersion = 10.0.40219.1
Project("{FAE04EC0-301F-11D3-BF4B-00C04F79EFBC}") = "ExamplePlugin", "ExamplePlugin\ExamplePlugin.csproj", "{0952A53A-A70E-4DAA-86A6-6560F2F3607B}"
EndProject
Global
	GlobalSection(SolutionConfigurationPlatforms) = preSolution
		Debug|Any CPU = Debug|Any CPU
		Release|Any CPU = Release|Any CPU
	EndGlobalSection
	GlobalSection(ProjectConfigurationPlatforms) = postSolution
		{0952A53A-A70E-4DAA-86A6-6560F2F3607B}.Debug|Any CPU.ActiveCfg = Debug|Any CPU
		{0952A53A-A70E-4DAA-86A6-6560F2F3607B}.Debug|Any CPU.Build.0 = Debug|Any CPU
		{0952A53A-A70E-4DAA-86A6-6560F2F3607B}.Release|Any CPU.ActiveCfg = Release|Any CPU
		{0952A53A-A70E-4DAA-86A6-6560F2F3607B}.Release|Any CPU.Build.0 = Release|Any CPU
	EndGlobalSection
	GlobalSection(SolutionProperties) = preSolution
		HideSolutionNode = FALSE
	EndGlobalSection
	GlobalSection(ExtensibilityGlobals) = postSolution
		SolutionGuid = {93980AF1-83D2-487D-8CDA-F1CD4AB2B304}
	EndGlobalSection
EndGlobal
